
Microsoft Visual Studio Solution File, Format Version 12.00
# Visual Studio Version 17
VisualStudioVersion = 17.14.36623.8
MinimumVisualStudioVersion = 10.0.40219.1
Project("{FAE04EC0-301F-11D3-BF4B-00C04F79EFBC}") = "Ecomm_Project_112", "Ecomm_Project_112\Ecomm_Project_112.csproj", "{97635A3F-B497-4A3A-BCDE-01CB05D36BF5}"
EndProject
Project("{FAE04EC0-301F-11D3-BF4B-00C04F79EFBC}") = "Ecomm_Project_112.Models", "Ecomm_Project_112.Models\Ecomm_Project_112.Models.csproj", "{7240E6EF-032B-4153-9706-59B23ED8F195}"
EndProject
Project("{FAE04EC0-301F-11D3-BF4B-00C04F79EFBC}") = "Ecomm_Project_112.DataAccess", "Ecomm_Project_112.DataAccess\Ecomm_Project_112.DataAccess.csproj", "{F522FA77-CB77-40E4-B0FD-347D10400F10}"
EndProject
Project("{FAE04EC0-301F-11D3-BF4B-00C04F79EFBC}") = "Ecomm_Project_112.Utility", "Ecomm_Project_112.Utility\Ecomm_Project_112.Utility.csproj", "{CB3F21E4-2D7F-485F-BE09-B842795C05D9}"
EndProject
Project("{2150E333-8FDC-42A3-9474-1A3956D46DE8}") = "Solution Items", "Solution Items", "{02EA681E-C7D8-13C7-8484-4AC65E1B71E8}"
	ProjectSection(SolutionItems) = preProject
		.editorconfig = .editorconfig
	EndProjectSection
EndProject
Global
	GlobalSection(SolutionConfigurationPlatforms) = preSolution
		Debug|Any CPU = Debug|Any CPU
		Release|Any CPU = Release|Any CPU
	EndGlobalSection
	GlobalSection(ProjectConfigurationPlatforms) = postSolution
		{97635A3F-B497-4A3A-BCDE-01CB05D36BF5}.Debug|Any CPU.ActiveCfg = Debug|Any CPU
		{97635A3F-B497-4A3A-BCDE-01CB05D36BF5}.Debug|Any CPU.Build.0 = Debug|Any CPU
		{97635A3F-B497-4A3A-BCDE-01CB05D36BF5}.Release|Any CPU.ActiveCfg = Release|Any CPU
		{97635A3F-B497-4A3A-BCDE-01CB05D36BF5}.Release|Any CPU.Build.0 = Release|Any CPU
		{7240E6EF-032B-4153-9706-59B23ED8F195}.Debug|Any CPU.ActiveCfg = Debug|Any CPU
		{7240E6EF-032B-4153-9706-59B23ED8F195}.Debug|Any CPU.Build.0 = Debug|Any CPU
		{7240E6EF-032B-4153-9706-59B23ED8F195}.Release|Any CPU.ActiveCfg = Release|Any CPU
		{7240E6EF-032B-4153-9706-59B23ED8F195}.Release|Any CPU.Build.0 = Release|Any CPU
		{F522FA77-CB77-40E4-B0FD-347D10400F10}.Debug|Any CPU.ActiveCfg = Debug|Any CPU
		{F522FA77-CB77-40E4-B0FD-347D10400F10}.Debug|Any CPU.Build.0 = Debug|Any CPU
		{F522FA77-CB77-40E4-B0FD-347D10400F10}.Release|Any CPU.ActiveCfg = Release|Any CPU
		{F522FA77-CB77-40E4-B0FD-347D10400F10}.Release|Any CPU.Build.0 = Release|Any CPU
		{CB3F21E4-2D7F-485F-BE09-B842795C05D9}.Debug|Any CPU.ActiveCfg = Debug|Any CPU
		{CB3F21E4-2D7F-485F-BE09-B842795C05D9}.Debug|Any CPU.Build.0 = Debug|Any CPU
		{CB3F21E4-2D7F-485F-BE09-B842795C05D9}.Release|Any CPU.ActiveCfg = Release|Any CPU
		{CB3F21E4-2D7F-485F-BE09-B842795C05D9}.Release|Any CPU.Build.0 = Release|Any CPU
	EndGlobalSection
	GlobalSection(SolutionProperties) = preSolution
		HideSolutionNode = FALSE
	EndGlobalSection
	GlobalSection(ExtensibilityGlobals) = postSolution
		SolutionGuid = {FCE2CB01-3236-41E4-B870-28B1A75FE0FE}
	EndGlobalSection
EndGlobal
